// !$*UTF8*$!
{
	archiveVersion = 1;
	classes = {
	};
	objectVersion = 48;
	objects = {

/* Begin PBXBuildFile section */
		BC0BE2552016C9F900B6DC72 /* SettingsLauncher.swift in Sources */ = {isa = PBXBuildFile; fileRef = BC0BE2542016C9F900B6DC72 /* SettingsLauncher.swift */; };
		BC2296DD2009316000C0A48F /* EditItemViewController.swift in Sources */ = {isa = PBXBuildFile; fileRef = BC2296DC2009316000C0A48F /* EditItemViewController.swift */; };
		BC2296DF2009A80B00C0A48F /* CalcFunctions.swift in Sources */ = {isa = PBXBuildFile; fileRef = BC2296DE2009A80B00C0A48F /* CalcFunctions.swift */; };
		BC8BE11E20081075007FA7FD /* AppDelegate.swift in Sources */ = {isa = PBXBuildFile; fileRef = BC8BE11D20081075007FA7FD /* AppDelegate.swift */; };
		BC8BE12020081075007FA7FD /* WeekViewController.swift in Sources */ = {isa = PBXBuildFile; fileRef = BC8BE11F20081075007FA7FD /* WeekViewController.swift */; };
		BC8BE12320081075007FA7FD /* Main.storyboard in Resources */ = {isa = PBXBuildFile; fileRef = BC8BE12120081075007FA7FD /* Main.storyboard */; };
		BC8BE12520081075007FA7FD /* Assets.xcassets in Resources */ = {isa = PBXBuildFile; fileRef = BC8BE12420081075007FA7FD /* Assets.xcassets */; };
		BC8BE12820081075007FA7FD /* LaunchScreen.storyboard in Resources */ = {isa = PBXBuildFile; fileRef = BC8BE12620081075007FA7FD /* LaunchScreen.storyboard */; };
		BC8BE15220082355007FA7FD /* Supplier1ViewController.swift in Sources */ = {isa = PBXBuildFile; fileRef = BC8BE15120082355007FA7FD /* Supplier1ViewController.swift */; };
		BC8BE15420082362007FA7FD /* Supplier2ViewController.swift in Sources */ = {isa = PBXBuildFile; fileRef = BC8BE15320082362007FA7FD /* Supplier2ViewController.swift */; };
		BC8BE1562008236B007FA7FD /* Supplier3ViewController.swift in Sources */ = {isa = PBXBuildFile; fileRef = BC8BE1552008236B007FA7FD /* Supplier3ViewController.swift */; };
		BC8E9553200B111C00B4C4C8 /* StatsViewController.swift in Sources */ = {isa = PBXBuildFile; fileRef = BC8E9552200B111C00B4C4C8 /* StatsViewController.swift */; };
		BC8E9555200C1BDD00B4C4C8 /* AddItemViewController.swift in Sources */ = {isa = PBXBuildFile; fileRef = BC8E9554200C1BDD00B4C4C8 /* AddItemViewController.swift */; };
		BCA9A1122012C6BF00A2836B /* OtherFunctions.swift in Sources */ = {isa = PBXBuildFile; fileRef = BCA9A1112012C6BF00A2836B /* OtherFunctions.swift */; };
		BCA9A1182013D1E100A2836B /* ItemClass.swift in Sources */ = {isa = PBXBuildFile; fileRef = BCA9A1172013D1E100A2836B /* ItemClass.swift */; };
		BCA9A11A2013D1E200A2836B /* LocationClass.swift in Sources */ = {isa = PBXBuildFile; fileRef = BCA9A1192013D1E200A2836B /* LocationClass.swift */; };
		BCA9A11C2013D1E400A2836B /* SupplierClass.swift in Sources */ = {isa = PBXBuildFile; fileRef = BCA9A11B2013D1E400A2836B /* SupplierClass.swift */; };
		BCA9A11E2013D1E600A2836B /* WeekClass.swift in Sources */ = {isa = PBXBuildFile; fileRef = BCA9A11D2013D1E600A2836B /* WeekClass.swift */; };
		BCC765CD201441620060FEDA /* Supplier4ViewController.swift in Sources */ = {isa = PBXBuildFile; fileRef = BCC765CC201441620060FEDA /* Supplier4ViewController.swift */; };
/* End PBXBuildFile section */

/* Begin PBXFileReference section */
		BC0BE2542016C9F900B6DC72 /* SettingsLauncher.swift */ = {isa = PBXFileReference; lastKnownFileType = sourcecode.swift; path = SettingsLauncher.swift; sourceTree = "<group>"; };
		BC2296DC2009316000C0A48F /* EditItemViewController.swift */ = {isa = PBXFileReference; lastKnownFileType = sourcecode.swift; path = EditItemViewController.swift; sourceTree = "<group>"; };
		BC2296DE2009A80B00C0A48F /* CalcFunctions.swift */ = {isa = PBXFileReference; lastKnownFileType = sourcecode.swift; path = CalcFunctions.swift; sourceTree = "<group>"; };
		BC8BE11A20081075007FA7FD /* Concession Inventory Tracker.app */ = {isa = PBXFileReference; explicitFileType = wrapper.application; includeInIndex = 0; path = "Concession Inventory Tracker.app"; sourceTree = BUILT_PRODUCTS_DIR; };
		BC8BE11D20081075007FA7FD /* AppDelegate.swift */ = {isa = PBXFileReference; lastKnownFileType = sourcecode.swift; path = AppDelegate.swift; sourceTree = "<group>"; };
		BC8BE11F20081075007FA7FD /* WeekViewController.swift */ = {isa = PBXFileReference; lastKnownFileType = sourcecode.swift; path = WeekViewController.swift; sourceTree = "<group>"; };
		BC8BE12220081075007FA7FD /* Base */ = {isa = PBXFileReference; lastKnownFileType = file.storyboard; name = Base; path = Base.lproj/Main.storyboard; sourceTree = "<group>"; };
		BC8BE12420081075007FA7FD /* Assets.xcassets */ = {isa = PBXFileReference; lastKnownFileType = folder.assetcatalog; path = Assets.xcassets; sourceTree = "<group>"; };
		BC8BE12720081075007FA7FD /* Base */ = {isa = PBXFileReference; lastKnownFileType = file.storyboard; name = Base; path = Base.lproj/LaunchScreen.storyboard; sourceTree = "<group>"; };
		BC8BE12920081075007FA7FD /* Info.plist */ = {isa = PBXFileReference; lastKnownFileType = text.plist.xml; path = Info.plist; sourceTree = "<group>"; };
		BC8BE15120082355007FA7FD /* Supplier1ViewController.swift */ = {isa = PBXFileReference; lastKnownFileType = sourcecode.swift; path = Supplier1ViewController.swift; sourceTree = "<group>"; };
		BC8BE15320082362007FA7FD /* Supplier2ViewController.swift */ = {isa = PBXFileReference; lastKnownFileType = sourcecode.swift; path = Supplier2ViewController.swift; sourceTree = "<group>"; };
		BC8BE1552008236B007FA7FD /* Supplier3ViewController.swift */ = {isa = PBXFileReference; lastKnownFileType = sourcecode.swift; path = Supplier3ViewController.swift; sourceTree = "<group>"; };
		BC8E9552200B111C00B4C4C8 /* StatsViewController.swift */ = {isa = PBXFileReference; lastKnownFileType = sourcecode.swift; path = StatsViewController.swift; sourceTree = "<group>"; };
		BC8E9554200C1BDD00B4C4C8 /* AddItemViewController.swift */ = {isa = PBXFileReference; lastKnownFileType = sourcecode.swift; path = AddItemViewController.swift; sourceTree = "<group>"; };
		BCA9A1112012C6BF00A2836B /* OtherFunctions.swift */ = {isa = PBXFileReference; lastKnownFileType = sourcecode.swift; path = OtherFunctions.swift; sourceTree = "<group>"; };
		BCA9A1172013D1E100A2836B /* ItemClass.swift */ = {isa = PBXFileReference; lastKnownFileType = sourcecode.swift; path = ItemClass.swift; sourceTree = "<group>"; };
		BCA9A1192013D1E200A2836B /* LocationClass.swift */ = {isa = PBXFileReference; lastKnownFileType = sourcecode.swift; path = LocationClass.swift; sourceTree = "<group>"; };
		BCA9A11B2013D1E400A2836B /* SupplierClass.swift */ = {isa = PBXFileReference; lastKnownFileType = sourcecode.swift; path = SupplierClass.swift; sourceTree = "<group>"; };
		BCA9A11D2013D1E600A2836B /* WeekClass.swift */ = {isa = PBXFileReference; lastKnownFileType = sourcecode.swift; path = WeekClass.swift; sourceTree = "<group>"; };
		BCC765CC201441620060FEDA /* Supplier4ViewController.swift */ = {isa = PBXFileReference; lastKnownFileType = sourcecode.swift; path = Supplier4ViewController.swift; sourceTree = "<group>"; };
/* End PBXFileReference section */

/* Begin PBXFrameworksBuildPhase section */
		BC8BE11720081075007FA7FD /* Frameworks */ = {
			isa = PBXFrameworksBuildPhase;
			buildActionMask = 2147483647;
			files = (
			);
			runOnlyForDeploymentPostprocessing = 0;
		};
/* End PBXFrameworksBuildPhase section */

/* Begin PBXGroup section */
		BC0BE2512016C95900B6DC72 /* Class Objects */ = {
			isa = PBXGroup;
			children = (
				BCA9A11D2013D1E600A2836B /* WeekClass.swift */,
				BCA9A11B2013D1E400A2836B /* SupplierClass.swift */,
				BCA9A1192013D1E200A2836B /* LocationClass.swift */,
				BCA9A1172013D1E100A2836B /* ItemClass.swift */,
			);
			path = "Class Objects";
			sourceTree = "<group>";
		};
		BC0BE2522016C99A00B6DC72 /* Controllers */ = {
			isa = PBXGroup;
			children = (
				BC8BE11F20081075007FA7FD /* WeekViewController.swift */,
				BC8BE15120082355007FA7FD /* Supplier1ViewController.swift */,
				BC8BE15320082362007FA7FD /* Supplier2ViewController.swift */,
				BC8BE1552008236B007FA7FD /* Supplier3ViewController.swift */,
				BCC765CC201441620060FEDA /* Supplier4ViewController.swift */,
				BC8E9552200B111C00B4C4C8 /* StatsViewController.swift */,
				BC2296DC2009316000C0A48F /* EditItemViewController.swift */,
				BC8E9554200C1BDD00B4C4C8 /* AddItemViewController.swift */,
			);
			path = Controllers;
			sourceTree = "<group>";
		};
		BC0BE2532016C9D600B6DC72 /* Functions & Settings */ = {
			isa = PBXGroup;
			children = (
				BC0BE2542016C9F900B6DC72 /* SettingsLauncher.swift */,
				BC2296DE2009A80B00C0A48F /* CalcFunctions.swift */,
				BCA9A1112012C6BF00A2836B /* OtherFunctions.swift */,
			);
			path = "Functions & Settings";
			sourceTree = "<group>";
		};
		BC8BE11120081075007FA7FD = {
			isa = PBXGroup;
			children = (
				BC8BE11C20081075007FA7FD /* Concession Inventory Tracker */,
				BC8BE11B20081075007FA7FD /* Products */,
			);
			sourceTree = "<group>";
		};
		BC8BE11B20081075007FA7FD /* Products */ = {
			isa = PBXGroup;
			children = (
				BC8BE11A20081075007FA7FD /* Concession Inventory Tracker.app */,
			);
			name = Products;
			sourceTree = "<group>";
		};
		BC8BE11C20081075007FA7FD /* Concession Inventory Tracker */ = {
			isa = PBXGroup;
			children = (
				BC0BE2512016C95900B6DC72 /* Class Objects */,
				BC0BE2522016C99A00B6DC72 /* Controllers */,
				BC8BE11D20081075007FA7FD /* AppDelegate.swift */,
				BC8BE12120081075007FA7FD /* Main.storyboard */,
				BC8BE12420081075007FA7FD /* Assets.xcassets */,
				BC8BE12620081075007FA7FD /* LaunchScreen.storyboard */,
				BC0BE2532016C9D600B6DC72 /* Functions & Settings */,
				BC8BE12920081075007FA7FD /* Info.plist */,
			);
			path = "Concession Inventory Tracker";
			sourceTree = "<group>";
		};
/* End PBXGroup section */

/* Begin PBXNativeTarget section */
		BC8BE11920081075007FA7FD /* Concession Inventory Tracker */ = {
			isa = PBXNativeTarget;
			buildConfigurationList = BC8BE14220081075007FA7FD /* Build configuration list for PBXNativeTarget "Concession Inventory Tracker" */;
			buildPhases = (
				BC8BE11620081075007FA7FD /* Sources */,
				BC8BE11720081075007FA7FD /* Frameworks */,
				BC8BE11820081075007FA7FD /* Resources */,
			);
			buildRules = (
			);
			dependencies = (
			);
			name = "Concession Inventory Tracker";
			productName = "Concession Inventory Tracker";
			productReference = BC8BE11A20081075007FA7FD /* Concession Inventory Tracker.app */;
			productType = "com.apple.product-type.application";
		};
/* End PBXNativeTarget section */

/* Begin PBXProject section */
		BC8BE11220081075007FA7FD /* Project object */ = {
			isa = PBXProject;
			attributes = {
				LastSwiftUpdateCheck = 0920;
				LastUpgradeCheck = 0920;
				ORGANIZATIONNAME = "Matthew Wells";
				TargetAttributes = {
					BC8BE11920081075007FA7FD = {
						CreatedOnToolsVersion = 9.2;
						ProvisioningStyle = Automatic;
					};
				};
			};
			buildConfigurationList = BC8BE11520081075007FA7FD /* Build configuration list for PBXProject "Concession Inventory Tracker" */;
			compatibilityVersion = "Xcode 8.0";
			developmentRegion = en;
			hasScannedForEncodings = 0;
			knownRegions = (
				en,
				Base,
			);
			mainGroup = BC8BE11120081075007FA7FD;
			productRefGroup = BC8BE11B20081075007FA7FD /* Products */;
			projectDirPath = "";
			projectRoot = "";
			targets = (
				BC8BE11920081075007FA7FD /* Concession Inventory Tracker */,
			);
		};
/* End PBXProject section */

/* Begin PBXResourcesBuildPhase section */
		BC8BE11820081075007FA7FD /* Resources */ = {
			isa = PBXResourcesBuildPhase;
			buildActionMask = 2147483647;
			files = (
				BC8BE12820081075007FA7FD /* LaunchScreen.storyboard in Resources */,
				BC8BE12520081075007FA7FD /* Assets.xcassets in Resources */,
				BC8BE12320081075007FA7FD /* Main.storyboard in Resources */,
			);
			runOnlyForDeploymentPostprocessing = 0;
		};
/* End PBXResourcesBuildPhase section */

/* Begin PBXSourcesBuildPhase section */
		BC8BE11620081075007FA7FD /* Sources */ = {
			isa = PBXSourcesBuildPhase;
			buildActionMask = 2147483647;
			files = (
				BC8BE15220082355007FA7FD /* Supplier1ViewController.swift in Sources */,
				BC8E9553200B111C00B4C4C8 /* StatsViewController.swift in Sources */,
				BCA9A11E2013D1E600A2836B /* WeekClass.swift in Sources */,
				BCA9A11C2013D1E400A2836B /* SupplierClass.swift in Sources */,
				BC0BE2552016C9F900B6DC72 /* SettingsLauncher.swift in Sources */,
				BC8BE15420082362007FA7FD /* Supplier2ViewController.swift in Sources */,
				BC8BE12020081075007FA7FD /* WeekViewController.swift in Sources */,
				BC8E9555200C1BDD00B4C4C8 /* AddItemViewController.swift in Sources */,
				BCA9A1122012C6BF00A2836B /* OtherFunctions.swift in Sources */,
				BCA9A1182013D1E100A2836B /* ItemClass.swift in Sources */,
				BC2296DD2009316000C0A48F /* EditItemViewController.swift in Sources */,
				BC8BE1562008236B007FA7FD /* Supplier3ViewController.swift in Sources */,
				BC2296DF2009A80B00C0A48F /* CalcFunctions.swift in Sources */,
				BCA9A11A2013D1E200A2836B /* LocationClass.swift in Sources */,
				BC8BE11E20081075007FA7FD /* AppDelegate.swift in Sources */,
				BCC765CD201441620060FEDA /* Supplier4ViewController.swift in Sources */,
			);
			runOnlyForDeploymentPostprocessing = 0;
		};
/* End PBXSourcesBuildPhase section */

/* Begin PBXVariantGroup section */
		BC8BE12120081075007FA7FD /* Main.storyboard */ = {
			isa = PBXVariantGroup;
			children = (
				BC8BE12220081075007FA7FD /* Base */,
			);
			name = Main.storyboard;
			sourceTree = "<group>";
		};
		BC8BE12620081075007FA7FD /* LaunchScreen.storyboard */ = {
			isa = PBXVariantGroup;
			children = (
				BC8BE12720081075007FA7FD /* Base */,
			);
			name = LaunchScreen.storyboard;
			sourceTree = "<group>";
		};
/* End PBXVariantGroup section */

/* Begin XCBuildConfiguration section */
		BC8BE14020081075007FA7FD /* Debug */ = {
			isa = XCBuildConfiguration;
			buildSettings = {
				ALWAYS_SEARCH_USER_PATHS = NO;
				CLANG_ANALYZER_NONNULL = YES;
				CLANG_ANALYZER_NUMBER_OBJECT_CONVERSION = YES_AGGRESSIVE;
				CLANG_CXX_LANGUAGE_STANDARD = "gnu++14";
				CLANG_CXX_LIBRARY = "libc++";
				CLANG_ENABLE_MODULES = YES;
				CLANG_ENABLE_OBJC_ARC = YES;
				CLANG_WARN_BLOCK_CAPTURE_AUTORELEASING = YES;
				CLANG_WARN_BOOL_CONVERSION = YES;
				CLANG_WARN_COMMA = YES;
				CLANG_WARN_CONSTANT_CONVERSION = YES;
				CLANG_WARN_DIRECT_OBJC_ISA_USAGE = YES_ERROR;
				CLANG_WARN_DOCUMENTATION_COMMENTS = YES;
				CLANG_WARN_EMPTY_BODY = YES;
				CLANG_WARN_ENUM_CONVERSION = YES;
				CLANG_WARN_INFINITE_RECURSION = YES;
				CLANG_WARN_INT_CONVERSION = YES;
				CLANG_WARN_NON_LITERAL_NULL_CONVERSION = YES;
				CLANG_WARN_OBJC_LITERAL_CONVERSION = YES;
				CLANG_WARN_OBJC_ROOT_CLASS = YES_ERROR;
				CLANG_WARN_RANGE_LOOP_ANALYSIS = YES;
				CLANG_WARN_STRICT_PROTOTYPES = YES;
				CLANG_WARN_SUSPICIOUS_MOVE = YES;
				CLANG_WARN_UNGUARDED_AVAILABILITY = YES_AGGRESSIVE;
				CLANG_WARN_UNREACHABLE_CODE = YES;
				CLANG_WARN__DUPLICATE_METHOD_MATCH = YES;
				CODE_SIGN_IDENTITY = "iPhone Developer";
				COPY_PHASE_STRIP = NO;
				DEBUG_INFORMATION_FORMAT = dwarf;
				ENABLE_STRICT_OBJC_MSGSEND = YES;
				ENABLE_TESTABILITY = YES;
				GCC_C_LANGUAGE_STANDARD = gnu11;
				GCC_DYNAMIC_NO_PIC = NO;
				GCC_NO_COMMON_BLOCKS = YES;
				GCC_OPTIMIZATION_LEVEL = 0;
				GCC_PREPROCESSOR_DEFINITIONS = (
					"DEBUG=1",
					"$(inherited)",
				);
				GCC_WARN_64_TO_32_BIT_CONVERSION = YES;
				GCC_WARN_ABOUT_RETURN_TYPE = YES_ERROR;
				GCC_WARN_UNDECLARED_SELECTOR = YES;
				GCC_WARN_UNINITIALIZED_AUTOS = YES_AGGRESSIVE;
				GCC_WARN_UNUSED_FUNCTION = YES;
				GCC_WARN_UNUSED_VARIABLE = YES;
				IPHONEOS_DEPLOYMENT_TARGET = 11.2;
				MTL_ENABLE_DEBUG_INFO = YES;
				ONLY_ACTIVE_ARCH = YES;
				SDKROOT = iphoneos;
				SWIFT_ACTIVE_COMPILATION_CONDITIONS = DEBUG;
				SWIFT_OPTIMIZATION_LEVEL = "-Onone";
			};
			name = Debug;
		};
		BC8BE14120081075007FA7FD /* Release */ = {
			isa = XCBuildConfiguration;
			buildSettings = {
				ALWAYS_SEARCH_USER_PATHS = NO;
				CLANG_ANALYZER_NONNULL = YES;
				CLANG_ANALYZER_NUMBER_OBJECT_CONVERSION = YES_AGGRESSIVE;
				CLANG_CXX_LANGUAGE_STANDARD = "gnu++14";
				CLANG_CXX_LIBRARY = "libc++";
				CLANG_ENABLE_MODULES = YES;
				CLANG_ENABLE_OBJC_ARC = YES;
				CLANG_WARN_BLOCK_CAPTURE_AUTORELEASING = YES;
				CLANG_WARN_BOOL_CONVERSION = YES;
				CLANG_WARN_COMMA = YES;
				CLANG_WARN_CONSTANT_CONVERSION = YES;
				CLANG_WARN_DIRECT_OBJC_ISA_USAGE = YES_ERROR;
				CLANG_WARN_DOCUMENTATION_COMMENTS = YES;
				CLANG_WARN_EMPTY_BODY = YES;
				CLANG_WARN_ENUM_CONVERSION = YES;
				CLANG_WARN_INFINITE_RECURSION = YES;
				CLANG_WARN_INT_CONVERSION = YES;
				CLANG_WARN_NON_LITERAL_NULL_CONVERSION = YES;
				CLANG_WARN_OBJC_LITERAL_CONVERSION = YES;
				CLANG_WARN_OBJC_ROOT_CLASS = YES_ERROR;
				CLANG_WARN_RANGE_LOOP_ANALYSIS = YES;
				CLANG_WARN_STRICT_PROTOTYPES = YES;
				CLANG_WARN_SUSPICIOUS_MOVE = YES;
				CLANG_WARN_UNGUARDED_AVAILABILITY = YES_AGGRESSIVE;
				CLANG_WARN_UNREACHABLE_CODE = YES;
				CLANG_WARN__DUPLICATE_METHOD_MATCH = YES;
				CODE_SIGN_IDENTITY = "iPhone Developer";
				COPY_PHASE_STRIP = NO;
				DEBUG_INFORMATION_FORMAT = "dwarf-with-dsym";
				ENABLE_NS_ASSERTIONS = NO;
				ENABLE_STRICT_OBJC_MSGSEND = YES;
				GCC_C_LANGUAGE_STANDARD = gnu11;
				GCC_NO_COMMON_BLOCKS = YES;
				GCC_WARN_64_TO_32_BIT_CONVERSION = YES;
				GCC_WARN_ABOUT_RETURN_TYPE = YES_ERROR;
				GCC_WARN_UNDECLARED_SELECTOR = YES;
				GCC_WARN_UNINITIALIZED_AUTOS = YES_AGGRESSIVE;
				GCC_WARN_UNUSED_FUNCTION = YES;
				GCC_WARN_UNUSED_VARIABLE = YES;
				IPHONEOS_DEPLOYMENT_TARGET = 11.2;
				MTL_ENABLE_DEBUG_INFO = NO;
				SDKROOT = iphoneos;
				SWIFT_OPTIMIZATION_LEVEL = "-Owholemodule";
				VALIDATE_PRODUCT = YES;
			};
			name = Release;
		};
		BC8BE14320081075007FA7FD /* Debug */ = {
			isa = XCBuildConfiguration;
			buildSettings = {
				ASSETCATALOG_COMPILER_APPICON_NAME = AppIcon;
				CODE_SIGN_STYLE = Automatic;
				DEVELOPMENT_TEAM = YMRS58GCF3;
				INFOPLIST_FILE = "Concession Inventory Tracker/Info.plist";
				LD_RUNPATH_SEARCH_PATHS = "$(inherited) @executable_path/Frameworks";
				PRODUCT_BUNDLE_IDENTIFIER = "Test.Concession-Inventory-Tracker";
				PRODUCT_NAME = "$(TARGET_NAME)";
				SWIFT_VERSION = 4.0;
				TARGETED_DEVICE_FAMILY = "1,2";
			};
			name = Debug;
		};
		BC8BE14420081075007FA7FD /* Release */ = {
			isa = XCBuildConfiguration;
			buildSettings = {
				ASSETCATALOG_COMPILER_APPICON_NAME = AppIcon;
				CODE_SIGN_STYLE = Automatic;
				DEVELOPMENT_TEAM = YMRS58GCF3;
				INFOPLIST_FILE = "Concession Inventory Tracker/Info.plist";
				LD_RUNPATH_SEARCH_PATHS = "$(inherited) @executable_path/Frameworks";
				PRODUCT_BUNDLE_IDENTIFIER = "Test.Concession-Inventory-Tracker";
				PRODUCT_NAME = "$(TARGET_NAME)";
				SWIFT_VERSION = 4.0;
				TARGETED_DEVICE_FAMILY = "1,2";
			};
			name = Release;
		};
/* End XCBuildConfiguration section */

/* Begin XCConfigurationList section */
		BC8BE11520081075007FA7FD /* Build configuration list for PBXProject "Concession Inventory Tracker" */ = {
			isa = XCConfigurationList;
			buildConfigurations = (
				BC8BE14020081075007FA7FD /* Debug */,
				BC8BE14120081075007FA7FD /* Release */,
			);
			defaultConfigurationIsVisible = 0;
			defaultConfigurationName = Release;
		};
		BC8BE14220081075007FA7FD /* Build configuration list for PBXNativeTarget "Concession Inventory Tracker" */ = {
			isa = XCConfigurationList;
			buildConfigurations = (
				BC8BE14320081075007FA7FD /* Debug */,
				BC8BE14420081075007FA7FD /* Release */,
			);
			defaultConfigurationIsVisible = 0;
			defaultConfigurationName = Release;
		};
/* End XCConfigurationList section */
	};
	rootObject = BC8BE11220081075007FA7FD /* Project object */;
}
